
Microsoft Visual Studio Solution File, Format Version 11.00
# Visual Studio 2010
Project("{8BC9CEB8-8B4A-11D0-8D11-00A0C91BC942}") = "list", "list\list.vcxproj", "{7D034B11-EF97-4017-A49F-80AFF9FD148E}"
EndProject
Global
	GlobalSection(SolutionConfigurationPlatforms) = preSolution
		Debug|Win32 = Debug|Win32
		Release|Win32 = Release|Win32
	EndGlobalSection
	GlobalSection(ProjectConfigurationPlatforms) = postSolution
		{7D034B11-EF97-4017-A49F-80AFF9FD148E}.Debug|Win32.ActiveCfg = Debug|Win32
		{7D034B11-EF97-4017-A49F-80AFF9FD148E}.Debug|Win32.Build.0 = Debug|Win32
		{7D034B11-EF97-4017-A49F-80AFF9FD148E}.Release|Win32.ActiveCfg = Release|Win32
		{7D034B11-EF97-4017-A49F-80AFF9FD148E}.Release|Win32.Build.0 = Release|Win32
	EndGlobalSection
	GlobalSection(SolutionProperties) = preSolution
		HideSolutionNode = FALSE
	EndGlobalSection
EndGlobal
