<?xml version="1.0" encoding="utf-8"?>
<Project ToolsVersion="4.0" xmlns="http://schemas.microsoft.com/developer/msbuild/2003">
  <ItemGroup>
    <Filter Include="Source Files">
      <UniqueIdentifier>{4FC737F1-C7A5-4376-A066-2A32D752A2FF}</UniqueIdentifier>
      <Extensions>cpp;c;cc;cxx;def;odl;idl;hpj;bat;asm;asmx</Extensions>
    </Filter>
    <Filter Include="Header Files">
      <UniqueIdentifier>{93995380-89BD-4b04-88EB-625FBE52EBFB}</UniqueIdentifier>
      <Extensions>h;hpp;hxx;hm;inl;inc;xsd</Extensions>
    </Filter>
    <Filter Include="Resource Files">
      <UniqueIdentifier>{67DA6AB6-F800-4c08-8B7A-83BB121AAD01}</UniqueIdentifier>
      <Extensions>rc;ico;cur;bmp;dlg;rc2;rct;bin;rgs;gif;jpg;jpeg;jpe;resx;tiff;tif;png;wav;mfcribbon-ms</Extensions>
    </Filter>
    <Filter Include="Source Files\ContainerTest">
      <UniqueIdentifier>{1a7dac65-300e-44f4-9928-0cac24c51707}</UniqueIdentifier>
    </Filter>
    <Filter Include="Source Files\AlgorithmTest">
      <UniqueIdentifier>{4605d394-95ac-4396-bdd8-f2439c3ca909}</UniqueIdentifier>
    </Filter>
    <Filter Include="Source Files\AdaptorTest">
      <UniqueIdentifier>{d9a9673e-b486-4fac-b7b9-4027f24a3373}</UniqueIdentifier>
    </Filter>
    <Filter Include="Header Files\Container">
      <UniqueIdentifier>{05bca452-68f6-4650-bf5c-91db52140b40}</UniqueIdentifier>
    </Filter>
    <Filter Include="Header Files\Container\vector">
      <UniqueIdentifier>{50a0713e-a4b7-4263-9a40-6ea34cb2422f}</UniqueIdentifier>
    </Filter>
    <Filter Include="Header Files\Container\list">
      <UniqueIdentifier>{1cef3ace-c062-4745-ba78-8f72618cd892}</UniqueIdentifier>
    </Filter>
    <Filter Include="Header Files\Container\deque">
      <UniqueIdentifier>{a3485df3-abc0-46b3-85b3-ce2785eef4e3}</UniqueIdentifier>
    </Filter>
    <Filter Include="Header Files\Container\IteratorUtility">
      <UniqueIdentifier>{6c14503f-f43e-4e52-8e9a-46fc99241bc8}</UniqueIdentifier>
    </Filter>
    <Filter Include="Header Files\Adaptor">
      <UniqueIdentifier>{905a2f65-9072-4119-abd5-5f909350fb2c}</UniqueIdentifier>
    </Filter>
    <Filter Include="Header Files\Algorithm">
      <UniqueIdentifier>{5fdbf2b4-7fa8-4b32-bbe2-0b777324f547}</UniqueIdentifier>
    </Filter>
  </ItemGroup>
  <ItemGroup>
    <ClInclude Include="heap_sort.hpp">
      <Filter>Header Files\Algorithm</Filter>
    </ClInclude>
    <ClInclude Include="sort.hpp">
      <Filter>Header Files\Algorithm</Filter>
    </ClInclude>
    <ClInclude Include="_Iterator_Traits.hpp">
      <Filter>Header Files\Container\IteratorUtility</Filter>
    </ClInclude>
    <ClInclude Include="_Reverse_Iterator.hpp">
      <Filter>Header Files\Container\IteratorUtility</Filter>
    </ClInclude>
    <ClInclude Include="_List_Const_Iterator.hpp">
      <Filter>Header Files\Container\list</Filter>
    </ClInclude>
    <ClInclude Include="_List_Iterator.hpp">
      <Filter>Header Files\Container\list</Filter>
    </ClInclude>
    <ClInclude Include="list_item.hpp">
      <Filter>Header Files\Container\list</Filter>
    </ClInclude>
    <ClInclude Include="_Vector_const_iterator.hpp">
      <Filter>Header Files\Container\vector</Filter>
    </ClInclude>
    <ClInclude Include="_Vector_iterator.hpp">
      <Filter>Header Files\Container\vector</Filter>
    </ClInclude>
    <ClInclude Include="vector.hpp">
      <Filter>Header Files\Container\vector</Filter>
    </ClInclude>
    <ClInclude Include="priority_queue.hpp">
      <Filter>Header Files\Adaptor</Filter>
    </ClInclude>
    <ClInclude Include="quick_sort.hpp">
      <Filter>Header Files\Algorithm</Filter>
    </ClInclude>
    <ClInclude Include="list.hpp">
      <Filter>Header Files\Container\list</Filter>
    </ClInclude>
    <ClInclude Include="deque.hpp">
      <Filter>Header Files\Container\deque</Filter>
    </ClInclude>
    <ClInclude Include="_Deque_Const_Iterator.hpp">
      <Filter>Header Files\Container\deque</Filter>
    </ClInclude>
    <ClInclude Include="_Deque_Iterator.hpp">
      <Filter>Header Files\Container\deque</Filter>
    </ClInclude>
    <ClInclude Include="stack.hpp">
      <Filter>Header Files\Adaptor</Filter>
    </ClInclude>
    <ClInclude Include="queue.hpp">
      <Filter>Header Files\Adaptor</Filter>
    </ClInclude>
    <ClInclude Include="common_algorithm.hpp">
      <Filter>Header Files\Algorithm</Filter>
    </ClInclude>
    <ClInclude Include="_Deque_Common.hpp">
      <Filter>Header Files\Container\deque</Filter>
    </ClInclude>
    <ClInclude Include="memory.hpp">
      <Filter>Header Files\Algorithm</Filter>
    </ClInclude>
  </ItemGroup>
  <ItemGroup>
    <ClCompile Include="main.cpp">
      <Filter>Source Files</Filter>
    </ClCompile>
    <ClCompile Include="multifile_test.cpp">
      <Filter>Source Files</Filter>
    </ClCompile>
    <ClCompile Include="vector_test.cpp">
      <Filter>Source Files\ContainerTest</Filter>
    </ClCompile>
    <ClCompile Include="list_test.cpp">
      <Filter>Source Files\ContainerTest</Filter>
    </ClCompile>
    <ClCompile Include="sort_test.cpp">
      <Filter>Source Files\AlgorithmTest</Filter>
    </ClCompile>
    <ClCompile Include="priority_queue_test.cpp">
      <Filter>Source Files\AdaptorTest</Filter>
    </ClCompile>
    <ClCompile Include="adapter_test.cpp">
      <Filter>Source Files\AdaptorTest</Filter>
    </ClCompile>
    <ClCompile Include="deque_test.cpp">
      <Filter>Source Files\ContainerTest</Filter>
    </ClCompile>
    <ClCompile Include="queue_test.cpp">
      <Filter>Source Files\AdaptorTest</Filter>
    </ClCompile>
    <ClCompile Include="stack_test.cpp">
      <Filter>Source Files\AdaptorTest</Filter>
    </ClCompile>
  </ItemGroup>
</Project>